
Microsoft Visual Studio Solution File, Format Version 12.00
# Visual Studio Version 17
VisualStudioVersion = 17.12.35506.116
MinimumVisualStudioVersion = 10.0.40219.1
Project("{FAE04EC0-301F-11D3-BF4B-00C04F79EFBC}") = "DAL", "DAL\DAL.csproj", "{1A90D303-B02E-40F7-830C-88B717DE4DD3}"
EndProject
Project("{FAE04EC0-301F-11D3-BF4B-00C04F79EFBC}") = "PL", "PL\PL.csproj", "{6017ECB1-7B42-4B09-B4C9-3C5156F7583F}"
EndProject
Project("{FAE04EC0-301F-11D3-BF4B-00C04F79EFBC}") = "BLL", "BLL\BLL.csproj", "{1DA5742D-AE3F-4A53-A04E-0150D32C9818}"
EndProject
Global
	GlobalSection(SolutionConfigurationPlatforms) = preSolution
		Debug|Any CPU = Debug|Any CPU
		Release|Any CPU = Release|Any CPU
	EndGlobalSection
	GlobalSection(ProjectConfigurationPlatforms) = postSolution
		{1A90D303-B02E-40F7-830C-88B717DE4DD3}.Debug|Any CPU.ActiveCfg = Debug|Any CPU
		{1A90D303-B02E-40F7-830C-88B717DE4DD3}.Debug|Any CPU.Build.0 = Debug|Any CPU
		{1A90D303-B02E-40F7-830C-88B717DE4DD3}.Release|Any CPU.ActiveCfg = Release|Any CPU
		{1A90D303-B02E-40F7-830C-88B717DE4DD3}.Release|Any CPU.Build.0 = Release|Any CPU
		{6017ECB1-7B42-4B09-B4C9-3C5156F7583F}.Debug|Any CPU.ActiveCfg = Debug|Any CPU
		{6017ECB1-7B42-4B09-B4C9-3C5156F7583F}.Debug|Any CPU.Build.0 = Debug|Any CPU
		{6017ECB1-7B42-4B09-B4C9-3C5156F7583F}.Release|Any CPU.ActiveCfg = Release|Any CPU
		{6017ECB1-7B42-4B09-B4C9-3C5156F7583F}.Release|Any CPU.Build.0 = Release|Any CPU
		{1DA5742D-AE3F-4A53-A04E-0150D32C9818}.Debug|Any CPU.ActiveCfg = Debug|Any CPU
		{1DA5742D-AE3F-4A53-A04E-0150D32C9818}.Debug|Any CPU.Build.0 = Debug|Any CPU
		{1DA5742D-AE3F-4A53-A04E-0150D32C9818}.Release|Any CPU.ActiveCfg = Release|Any CPU
		{1DA5742D-AE3F-4A53-A04E-0150D32C9818}.Release|Any CPU.Build.0 = Release|Any CPU
	EndGlobalSection
	GlobalSection(SolutionProperties) = preSolution
		HideSolutionNode = FALSE
	EndGlobalSection
EndGlobal
